
Microsoft Visual Studio Solution File, Format Version 10.00
# Visual Studio 2008
Project("{E24C65DC-7377-472B-9ABA-BC803B73C61A}") = "DERT2014", "DERT2014\", "{10CB1222-7D1D-45A1-BEE1-FA7EE959E8D2}"
	ProjectSection(WebsiteProperties) = preProject
		TargetFramework = "3.5"
		Debug.AspNetCompiler.VirtualPath = "/DERT2014"
		Debug.AspNetCompiler.PhysicalPath = "DERT2014\"
		Debug.AspNetCompiler.TargetPath = "PrecompiledWeb\DERT2014\"
		Debug.AspNetCompiler.Updateable = "true"
		Debug.AspNetCompiler.ForceOverwrite = "true"
		Debug.AspNetCompiler.FixedNames = "false"
		Debug.AspNetCompiler.Debug = "True"
		Release.AspNetCompiler.VirtualPath = "/DERT2014"
		Release.AspNetCompiler.PhysicalPath = "DERT2014\"
		Release.AspNetCompiler.TargetPath = "PrecompiledWeb\DERT2014\"
		Release.AspNetCompiler.Updateable = "true"
		Release.AspNetCompiler.ForceOverwrite = "true"
		Release.AspNetCompiler.FixedNames = "false"
		Release.AspNetCompiler.Debug = "False"
		VWDPort = "10620"
	EndProjectSection
EndProject
Global
	GlobalSection(SolutionConfigurationPlatforms) = preSolution
		Debug|Any CPU = Debug|Any CPU
	EndGlobalSection
	GlobalSection(ProjectConfigurationPlatforms) = postSolution
		{10CB1222-7D1D-45A1-BEE1-FA7EE959E8D2}.Debug|Any CPU.ActiveCfg = Debug|Any CPU
		{10CB1222-7D1D-45A1-BEE1-FA7EE959E8D2}.Debug|Any CPU.Build.0 = Debug|Any CPU
	EndGlobalSection
	GlobalSection(SolutionProperties) = preSolution
		HideSolutionNode = FALSE
	EndGlobalSection
EndGlobal
